
Microsoft Visual Studio Solution File, Format Version 12.00
# Visual Studio 15
VisualStudioVersion = 15.0.27004.2009
MinimumVisualStudioVersion = 10.0.40219.1
Project("{FAE04EC0-301F-11D3-BF4B-00C04F79EFBC}") = "VyatkinSchool", "VyatkinSchool\VyatkinSchool.csproj", "{DF313236-5497-4878-8B11-3BA2BBB46100}"
EndProject
Project("{FAE04EC0-301F-11D3-BF4B-00C04F79EFBC}") = "VyatkinSchool.Tests", "VyatkinSchool.Tests\VyatkinSchool.Tests.csproj", "{C421E888-96E6-4F34-8B2B-51462EF3B803}"
EndProject
Global
	GlobalSection(SolutionConfigurationPlatforms) = preSolution
		Debug|Any CPU = Debug|Any CPU
		Release|Any CPU = Release|Any CPU
	EndGlobalSection
	GlobalSection(ProjectConfigurationPlatforms) = postSolution
		{DF313236-5497-4878-8B11-3BA2BBB46100}.Debug|Any CPU.ActiveCfg = Debug|Any CPU
		{DF313236-5497-4878-8B11-3BA2BBB46100}.Debug|Any CPU.Build.0 = Debug|Any CPU
		{DF313236-5497-4878-8B11-3BA2BBB46100}.Release|Any CPU.ActiveCfg = Release|Any CPU
		{DF313236-5497-4878-8B11-3BA2BBB46100}.Release|Any CPU.Build.0 = Release|Any CPU
		{C421E888-96E6-4F34-8B2B-51462EF3B803}.Debug|Any CPU.ActiveCfg = Debug|Any CPU
		{C421E888-96E6-4F34-8B2B-51462EF3B803}.Debug|Any CPU.Build.0 = Debug|Any CPU
		{C421E888-96E6-4F34-8B2B-51462EF3B803}.Release|Any CPU.ActiveCfg = Release|Any CPU
		{C421E888-96E6-4F34-8B2B-51462EF3B803}.Release|Any CPU.Build.0 = Release|Any CPU
	EndGlobalSection
	GlobalSection(SolutionProperties) = preSolution
		HideSolutionNode = FALSE
	EndGlobalSection
	GlobalSection(ExtensibilityGlobals) = postSolution
		SolutionGuid = {89F94D36-C43B-4262-92CE-71948E6D1F3C}
	EndGlobalSection
EndGlobal
